
Microsoft Visual Studio Solution File, Format Version 12.00
# Visual Studio Version 16
VisualStudioVersion = 16.0.29215.179
MinimumVisualStudioVersion = 10.0.40219.1
Project("{8BC9CEB8-8B4A-11D0-8D11-00A0C91BC942}") = "Lab1_DataTypes", "Lab1_DataTypes\Lab1_DataTypes.vcxproj", "{DA54EB1E-B0F7-444B-9715-070082DD1B3B}"
EndProject
Project("{8BC9CEB8-8B4A-11D0-8D11-00A0C91BC942}") = "Lab3_Cycles", "Lab3_Cycles\Lab3_Cycles.vcxproj", "{E555CEDC-242E-410B-AC17-78A1D08A0CD7}"
EndProject
Project("{8BC9CEB8-8B4A-11D0-8D11-00A0C91BC942}") = "Lab4_Functions", "Lab4_Functions\Lab4_Functions.vcxproj", "{75C8C9F2-5AB3-40CE-A690-645A3C18637B}"
EndProject
Project("{8BC9CEB8-8B4A-11D0-8D11-00A0C91BC942}") = "Lab5_Functions", "Lab5_Functions\Lab5_Functions.vcxproj", "{DDB1455A-4EB4-4841-92B1-C27E2D6CF172}"
EndProject
Project("{8BC9CEB8-8B4A-11D0-8D11-00A0C91BC942}") = "Lab6_Array", "Lab6_Array\Lab6_Array.vcxproj", "{ADD43744-FF1E-41CD-850B-8EE836EB0D56}"
EndProject
Project("{8BC9CEB8-8B4A-11D0-8D11-00A0C91BC942}") = "Lab7_Classes", "Lab7_Classes\Lab7_Classes.vcxproj", "{6AD83E33-029C-4E49-992B-AB9B81677518}"
EndProject
Project("{8BC9CEB8-8B4A-11D0-8D11-00A0C91BC942}") = "Lab8-11_Matrix", "Lab8-11_Matrix\Lab8-11_Matrix.vcxproj", "{5B1A3F63-E76D-4AFB-A2A6-2AFB43603E13}"
EndProject
Project("{8BC9CEB8-8B4A-11D0-8D11-00A0C91BC942}") = "Lab12_String", "Lab12_String\Lab12_String.vcxproj", "{9EE10042-B409-4592-AD35-2133816E928D}"
EndProject
Global
	GlobalSection(SolutionConfigurationPlatforms) = preSolution
		Debug|x64 = Debug|x64
		Debug|x86 = Debug|x86
		Release|x64 = Release|x64
		Release|x86 = Release|x86
	EndGlobalSection
	GlobalSection(ProjectConfigurationPlatforms) = postSolution
		{DA54EB1E-B0F7-444B-9715-070082DD1B3B}.Debug|x64.ActiveCfg = Debug|x64
		{DA54EB1E-B0F7-444B-9715-070082DD1B3B}.Debug|x64.Build.0 = Debug|x64
		{DA54EB1E-B0F7-444B-9715-070082DD1B3B}.Debug|x86.ActiveCfg = Debug|Win32
		{DA54EB1E-B0F7-444B-9715-070082DD1B3B}.Debug|x86.Build.0 = Debug|Win32
		{DA54EB1E-B0F7-444B-9715-070082DD1B3B}.Release|x64.ActiveCfg = Release|x64
		{DA54EB1E-B0F7-444B-9715-070082DD1B3B}.Release|x64.Build.0 = Release|x64
		{DA54EB1E-B0F7-444B-9715-070082DD1B3B}.Release|x86.ActiveCfg = Release|Win32
		{DA54EB1E-B0F7-444B-9715-070082DD1B3B}.Release|x86.Build.0 = Release|Win32
		{E555CEDC-242E-410B-AC17-78A1D08A0CD7}.Debug|x64.ActiveCfg = Debug|x64
		{E555CEDC-242E-410B-AC17-78A1D08A0CD7}.Debug|x64.Build.0 = Debug|x64
		{E555CEDC-242E-410B-AC17-78A1D08A0CD7}.Debug|x86.ActiveCfg = Debug|Win32
		{E555CEDC-242E-410B-AC17-78A1D08A0CD7}.Debug|x86.Build.0 = Debug|Win32
		{E555CEDC-242E-410B-AC17-78A1D08A0CD7}.Release|x64.ActiveCfg = Release|x64
		{E555CEDC-242E-410B-AC17-78A1D08A0CD7}.Release|x64.Build.0 = Release|x64
		{E555CEDC-242E-410B-AC17-78A1D08A0CD7}.Release|x86.ActiveCfg = Release|Win32
		{E555CEDC-242E-410B-AC17-78A1D08A0CD7}.Release|x86.Build.0 = Release|Win32
		{75C8C9F2-5AB3-40CE-A690-645A3C18637B}.Debug|x64.ActiveCfg = Debug|x64
		{75C8C9F2-5AB3-40CE-A690-645A3C18637B}.Debug|x64.Build.0 = Debug|x64
		{75C8C9F2-5AB3-40CE-A690-645A3C18637B}.Debug|x86.ActiveCfg = Debug|Win32
		{75C8C9F2-5AB3-40CE-A690-645A3C18637B}.Debug|x86.Build.0 = Debug|Win32
		{75C8C9F2-5AB3-40CE-A690-645A3C18637B}.Release|x64.ActiveCfg = Release|x64
		{75C8C9F2-5AB3-40CE-A690-645A3C18637B}.Release|x64.Build.0 = Release|x64
		{75C8C9F2-5AB3-40CE-A690-645A3C18637B}.Release|x86.ActiveCfg = Release|Win32
		{75C8C9F2-5AB3-40CE-A690-645A3C18637B}.Release|x86.Build.0 = Release|Win32
		{DDB1455A-4EB4-4841-92B1-C27E2D6CF172}.Debug|x64.ActiveCfg = Debug|x64
		{DDB1455A-4EB4-4841-92B1-C27E2D6CF172}.Debug|x64.Build.0 = Debug|x64
		{DDB1455A-4EB4-4841-92B1-C27E2D6CF172}.Debug|x86.ActiveCfg = Debug|Win32
		{DDB1455A-4EB4-4841-92B1-C27E2D6CF172}.Debug|x86.Build.0 = Debug|Win32
		{DDB1455A-4EB4-4841-92B1-C27E2D6CF172}.Release|x64.ActiveCfg = Release|x64
		{DDB1455A-4EB4-4841-92B1-C27E2D6CF172}.Release|x64.Build.0 = Release|x64
		{DDB1455A-4EB4-4841-92B1-C27E2D6CF172}.Release|x86.ActiveCfg = Release|Win32
		{DDB1455A-4EB4-4841-92B1-C27E2D6CF172}.Release|x86.Build.0 = Release|Win32
		{ADD43744-FF1E-41CD-850B-8EE836EB0D56}.Debug|x64.ActiveCfg = Debug|x64
		{ADD43744-FF1E-41CD-850B-8EE836EB0D56}.Debug|x64.Build.0 = Debug|x64
		{ADD43744-FF1E-41CD-850B-8EE836EB0D56}.Debug|x86.ActiveCfg = Debug|Win32
		{ADD43744-FF1E-41CD-850B-8EE836EB0D56}.Debug|x86.Build.0 = Debug|Win32
		{ADD43744-FF1E-41CD-850B-8EE836EB0D56}.Release|x64.ActiveCfg = Release|x64
		{ADD43744-FF1E-41CD-850B-8EE836EB0D56}.Release|x64.Build.0 = Release|x64
		{ADD43744-FF1E-41CD-850B-8EE836EB0D56}.Release|x86.ActiveCfg = Release|Win32
		{ADD43744-FF1E-41CD-850B-8EE836EB0D56}.Release|x86.Build.0 = Release|Win32
		{6AD83E33-029C-4E49-992B-AB9B81677518}.Debug|x64.ActiveCfg = Debug|x64
		{6AD83E33-029C-4E49-992B-AB9B81677518}.Debug|x64.Build.0 = Debug|x64
		{6AD83E33-029C-4E49-992B-AB9B81677518}.Debug|x86.ActiveCfg = Debug|Win32
		{6AD83E33-029C-4E49-992B-AB9B81677518}.Debug|x86.Build.0 = Debug|Win32
		{6AD83E33-029C-4E49-992B-AB9B81677518}.Release|x64.ActiveCfg = Release|x64
		{6AD83E33-029C-4E49-992B-AB9B81677518}.Release|x64.Build.0 = Release|x64
		{6AD83E33-029C-4E49-992B-AB9B81677518}.Release|x86.ActiveCfg = Release|Win32
		{6AD83E33-029C-4E49-992B-AB9B81677518}.Release|x86.Build.0 = Release|Win32
		{5B1A3F63-E76D-4AFB-A2A6-2AFB43603E13}.Debug|x64.ActiveCfg = Debug|x64
		{5B1A3F63-E76D-4AFB-A2A6-2AFB43603E13}.Debug|x64.Build.0 = Debug|x64
		{5B1A3F63-E76D-4AFB-A2A6-2AFB43603E13}.Debug|x86.ActiveCfg = Debug|Win32
		{5B1A3F63-E76D-4AFB-A2A6-2AFB43603E13}.Debug|x86.Build.0 = Debug|Win32
		{5B1A3F63-E76D-4AFB-A2A6-2AFB43603E13}.Release|x64.ActiveCfg = Release|x64
		{5B1A3F63-E76D-4AFB-A2A6-2AFB43603E13}.Release|x64.Build.0 = Release|x64
		{5B1A3F63-E76D-4AFB-A2A6-2AFB43603E13}.Release|x86.ActiveCfg = Release|Win32
		{5B1A3F63-E76D-4AFB-A2A6-2AFB43603E13}.Release|x86.Build.0 = Release|Win32
		{9EE10042-B409-4592-AD35-2133816E928D}.Debug|x64.ActiveCfg = Debug|x64
		{9EE10042-B409-4592-AD35-2133816E928D}.Debug|x64.Build.0 = Debug|x64
		{9EE10042-B409-4592-AD35-2133816E928D}.Debug|x86.ActiveCfg = Debug|Win32
		{9EE10042-B409-4592-AD35-2133816E928D}.Debug|x86.Build.0 = Debug|Win32
		{9EE10042-B409-4592-AD35-2133816E928D}.Release|x64.ActiveCfg = Release|x64
		{9EE10042-B409-4592-AD35-2133816E928D}.Release|x64.Build.0 = Release|x64
		{9EE10042-B409-4592-AD35-2133816E928D}.Release|x86.ActiveCfg = Release|Win32
		{9EE10042-B409-4592-AD35-2133816E928D}.Release|x86.Build.0 = Release|Win32
	EndGlobalSection
	GlobalSection(SolutionProperties) = preSolution
		HideSolutionNode = FALSE
	EndGlobalSection
	GlobalSection(ExtensibilityGlobals) = postSolution
		SolutionGuid = {E9E375A7-98B5-4E21-864D-394D6238AAC3}
	EndGlobalSection
EndGlobal
